// !$*UTF8*$!
{
	archiveVersion = 1;
	classes = {
	};
	objectVersion = 51;
	objects = {

/* Begin PBXBuildFile section */
		4323382022B7B9400001E6B4 /* Main.storyboard in Resources */ = {isa = PBXBuildFile; fileRef = 4323381E22B7B9400001E6B4 /* Main.storyboard */; };
		4323382522B7B9410001E6B4 /* LaunchScreen.storyboard in Resources */ = {isa = PBXBuildFile; fileRef = 4323382322B7B9410001E6B4 /* LaunchScreen.storyboard */; };
		4323383622B7BBB40001E6B4 /* HistoryTableViewController.swift in Sources */ = {isa = PBXBuildFile; fileRef = 4323382E22B7BBB30001E6B4 /* HistoryTableViewController.swift */; };
		4323383722B7BBB40001E6B4 /* ViewController.swift in Sources */ = {isa = PBXBuildFile; fileRef = 4323382F22B7BBB30001E6B4 /* ViewController.swift */; };
		4323383822B7BBB40001E6B4 /* HistoryViewController.swift in Sources */ = {isa = PBXBuildFile; fileRef = 4323383022B7BBB40001E6B4 /* HistoryViewController.swift */; };
		4323383922B7BBB40001E6B4 /* His.swift in Sources */ = {isa = PBXBuildFile; fileRef = 4323383122B7BBB40001E6B4 /* His.swift */; };
		4323383A22B7BBB40001E6B4 /* AllHistoryViewController.swift in Sources */ = {isa = PBXBuildFile; fileRef = 4323383222B7BBB40001E6B4 /* AllHistoryViewController.swift */; };
		4323383B22B7BBB40001E6B4 /* HisTableTableViewCell.swift in Sources */ = {isa = PBXBuildFile; fileRef = 4323383322B7BBB40001E6B4 /* HisTableTableViewCell.swift */; };
		4323383C22B7BBB40001E6B4 /* InputViewController.swift in Sources */ = {isa = PBXBuildFile; fileRef = 4323383422B7BBB40001E6B4 /* InputViewController.swift */; };
		4323383D22B7BBB40001E6B4 /* AppDelegate.swift in Sources */ = {isa = PBXBuildFile; fileRef = 4323383522B7BBB40001E6B4 /* AppDelegate.swift */; };
		43256FCF22B8EB2400FF014F /* Assets 17-49-05-107.xcassets in Resources */ = {isa = PBXBuildFile; fileRef = 43256FCE22B8EB2400FF014F /* Assets 17-49-05-107.xcassets */; };
		43256FDB22B9175300FF014F /* photo.swift in Sources */ = {isa = PBXBuildFile; fileRef = 43256FD822B9175300FF014F /* photo.swift */; };
		43256FDC22B9175300FF014F /* photocell.swift in Sources */ = {isa = PBXBuildFile; fileRef = 43256FD922B9175300FF014F /* photocell.swift */; };
		43256FDD22B9175300FF014F /* Photowall.swift in Sources */ = {isa = PBXBuildFile; fileRef = 43256FDA22B9175300FF014F /* Photowall.swift */; };
		DA011922D878E1031A716F3C /* Pods_finalproject.framework in Frameworks */ = {isa = PBXBuildFile; fileRef = 999EFF0397C308650A6B432D /* Pods_finalproject.framework */; };
/* End PBXBuildFile section */

/* Begin PBXFileReference section */
		309A42C6E1625B2DE5A08D28 /* Pods-finalproject.release.xcconfig */ = {isa = PBXFileReference; includeInIndex = 1; lastKnownFileType = text.xcconfig; name = "Pods-finalproject.release.xcconfig"; path = "Target Support Files/Pods-finalproject/Pods-finalproject.release.xcconfig"; sourceTree = "<group>"; };
		4323381722B7B9400001E6B4 /* finalproject.app */ = {isa = PBXFileReference; explicitFileType = wrapper.application; includeInIndex = 0; path = finalproject.app; sourceTree = BUILT_PRODUCTS_DIR; };
		4323381F22B7B9400001E6B4 /* Base */ = {isa = PBXFileReference; lastKnownFileType = file.storyboard; name = Base; path = Base.lproj/Main.storyboard; sourceTree = "<group>"; };
		4323382422B7B9410001E6B4 /* Base */ = {isa = PBXFileReference; lastKnownFileType = file.storyboard; name = Base; path = Base.lproj/LaunchScreen.storyboard; sourceTree = "<group>"; };
		4323382622B7B9410001E6B4 /* Info.plist */ = {isa = PBXFileReference; lastKnownFileType = text.plist.xml; path = Info.plist; sourceTree = "<group>"; };
		4323382E22B7BBB30001E6B4 /* HistoryTableViewController.swift */ = {isa = PBXFileReference; fileEncoding = 4; lastKnownFileType = sourcecode.swift; name = HistoryTableViewController.swift; path = "../../finalproject-master-master/finalproject/HistoryTableViewController.swift"; sourceTree = "<group>"; };
		4323382F22B7BBB30001E6B4 /* ViewController.swift */ = {isa = PBXFileReference; fileEncoding = 4; lastKnownFileType = sourcecode.swift; name = ViewController.swift; path = "../../finalproject-master-master/finalproject/ViewController.swift"; sourceTree = "<group>"; };
		4323383022B7BBB40001E6B4 /* HistoryViewController.swift */ = {isa = PBXFileReference; fileEncoding = 4; lastKnownFileType = sourcecode.swift; name = HistoryViewController.swift; path = "../../finalproject-master-master/finalproject/HistoryViewController.swift"; sourceTree = "<group>"; };
		4323383122B7BBB40001E6B4 /* His.swift */ = {isa = PBXFileReference; fileEncoding = 4; lastKnownFileType = sourcecode.swift; name = His.swift; path = "../../finalproject-master-master/finalproject/His.swift"; sourceTree = "<group>"; };
		4323383222B7BBB40001E6B4 /* AllHistoryViewController.swift */ = {isa = PBXFileReference; fileEncoding = 4; lastKnownFileType = sourcecode.swift; name = AllHistoryViewController.swift; path = "../../finalproject-master-master/finalproject/AllHistoryViewController.swift"; sourceTree = "<group>"; };
		4323383322B7BBB40001E6B4 /* HisTableTableViewCell.swift */ = {isa = PBXFileReference; fileEncoding = 4; lastKnownFileType = sourcecode.swift; name = HisTableTableViewCell.swift; path = "../../finalproject-master-master/finalproject/HisTableTableViewCell.swift"; sourceTree = "<group>"; };
		4323383422B7BBB40001E6B4 /* InputViewController.swift */ = {isa = PBXFileReference; fileEncoding = 4; lastKnownFileType = sourcecode.swift; name = InputViewController.swift; path = "../../finalproject-master-master/finalproject/InputViewController.swift"; sourceTree = "<group>"; };
		4323383522B7BBB40001E6B4 /* AppDelegate.swift */ = {isa = PBXFileReference; fileEncoding = 4; lastKnownFileType = sourcecode.swift; name = AppDelegate.swift; path = "../../finalproject-master-master/finalproject/AppDelegate.swift"; sourceTree = "<group>"; };
		43256FCE22B8EB2400FF014F /* Assets 17-49-05-107.xcassets */ = {isa = PBXFileReference; lastKnownFileType = folder.assetcatalog; name = "Assets 17-49-05-107.xcassets"; path = "../../../.Trash/Assets 17-49-05-107.xcassets"; sourceTree = "<group>"; };
		43256FD822B9175300FF014F /* photo.swift */ = {isa = PBXFileReference; fileEncoding = 4; lastKnownFileType = sourcecode.swift; name = photo.swift; path = "../../../Downloads/finalapp-master 2/finalapp/photo.swift"; sourceTree = "<group>"; };
		43256FD922B9175300FF014F /* photocell.swift */ = {isa = PBXFileReference; fileEncoding = 4; lastKnownFileType = sourcecode.swift; name = photocell.swift; path = "../../../Downloads/finalapp-master 2/finalapp/photocell.swift"; sourceTree = "<group>"; };
		43256FDA22B9175300FF014F /* Photowall.swift */ = {isa = PBXFileReference; fileEncoding = 4; lastKnownFileType = sourcecode.swift; name = Photowall.swift; path = "../../../Downloads/finalapp-master 2/finalapp/Photowall.swift"; sourceTree = "<group>"; };
		5D65E44C7B0FA6A00AF510C4 /* Pods-finalproject.debug.xcconfig */ = {isa = PBXFileReference; includeInIndex = 1; lastKnownFileType = text.xcconfig; name = "Pods-finalproject.debug.xcconfig"; path = "Target Support Files/Pods-finalproject/Pods-finalproject.debug.xcconfig"; sourceTree = "<group>"; };
		999EFF0397C308650A6B432D /* Pods_finalproject.framework */ = {isa = PBXFileReference; explicitFileType = wrapper.framework; includeInIndex = 0; path = Pods_finalproject.framework; sourceTree = BUILT_PRODUCTS_DIR; };
/* End PBXFileReference section */

/* Begin PBXFrameworksBuildPhase section */
		4323381422B7B9400001E6B4 /* Frameworks */ = {
			isa = PBXFrameworksBuildPhase;
			buildActionMask = 2147483647;
			files = (
				DA011922D878E1031A716F3C /* Pods_finalproject.framework in Frameworks */,
			);
			runOnlyForDeploymentPostprocessing = 0;
		};
/* End PBXFrameworksBuildPhase section */

/* Begin PBXGroup section */
		3F11EA47929D78E9FF12BF97 /* Frameworks */ = {
			isa = PBXGroup;
			children = (
				999EFF0397C308650A6B432D /* Pods_finalproject.framework */,
			);
			name = Frameworks;
			sourceTree = "<group>";
		};
		4323380E22B7B9400001E6B4 = {
			isa = PBXGroup;
			children = (
				4323381922B7B9400001E6B4 /* finalproject */,
				4323381822B7B9400001E6B4 /* Products */,
				7AF888527663192508C1537A /* Pods */,
				3F11EA47929D78E9FF12BF97 /* Frameworks */,
			);
			sourceTree = "<group>";
		};
		4323381822B7B9400001E6B4 /* Products */ = {
			isa = PBXGroup;
			children = (
				4323381722B7B9400001E6B4 /* finalproject.app */,
			);
			name = Products;
			sourceTree = "<group>";
		};
		4323381922B7B9400001E6B4 /* finalproject */ = {
			isa = PBXGroup;
			children = (
				4323383022B7BBB40001E6B4 /* HistoryViewController.swift */,
				4323383422B7BBB40001E6B4 /* InputViewController.swift */,
				4323381E22B7B9400001E6B4 /* Main.storyboard */,
				43256FCE22B8EB2400FF014F /* Assets 17-49-05-107.xcassets */,
				4323383222B7BBB40001E6B4 /* AllHistoryViewController.swift */,
				4323383522B7BBB40001E6B4 /* AppDelegate.swift */,
				4323383122B7BBB40001E6B4 /* His.swift */,
				4323383322B7BBB40001E6B4 /* HisTableTableViewCell.swift */,
				4323382E22B7BBB30001E6B4 /* HistoryTableViewController.swift */,
				4323382F22B7BBB30001E6B4 /* ViewController.swift */,
				43256FD822B9175300FF014F /* photo.swift */,
				43256FD922B9175300FF014F /* photocell.swift */,
				43256FDA22B9175300FF014F /* Photowall.swift */,
				4323382322B7B9410001E6B4 /* LaunchScreen.storyboard */,
				4323382622B7B9410001E6B4 /* Info.plist */,
			);
			path = finalproject;
			sourceTree = "<group>";
		};
		7AF888527663192508C1537A /* Pods */ = {
			isa = PBXGroup;
			children = (
				5D65E44C7B0FA6A00AF510C4 /* Pods-finalproject.debug.xcconfig */,
				309A42C6E1625B2DE5A08D28 /* Pods-finalproject.release.xcconfig */,
			);
			path = Pods;
			sourceTree = "<group>";
		};
/* End PBXGroup section */

/* Begin PBXNativeTarget section */
		4323381622B7B9400001E6B4 /* finalproject */ = {
			isa = PBXNativeTarget;
			buildConfigurationList = 4323382922B7B9410001E6B4 /* Build configuration list for PBXNativeTarget "finalproject" */;
			buildPhases = (
				1A3351B7A2D6CE779CD316CF /* [CP] Check Pods Manifest.lock */,
				4323381322B7B9400001E6B4 /* Sources */,
				4323381422B7B9400001E6B4 /* Frameworks */,
				4323381522B7B9400001E6B4 /* Resources */,
				BCA6E7AE788760A9359FE24D /* [CP] Embed Pods Frameworks */,
			);
			buildRules = (
			);
			dependencies = (
			);
			name = finalproject;
			productName = finalproject;
			productReference = 4323381722B7B9400001E6B4 /* finalproject.app */;
			productType = "com.apple.product-type.application";
		};
/* End PBXNativeTarget section */

/* Begin PBXProject section */
		4323380F22B7B9400001E6B4 /* Project object */ = {
			isa = PBXProject;
			attributes = {
				LastSwiftUpdateCheck = 1020;
				LastUpgradeCheck = 1020;
				ORGANIZATIONNAME = 19;
				TargetAttributes = {
					4323381622B7B9400001E6B4 = {
						CreatedOnToolsVersion = 10.2.1;
					};
				};
			};
			buildConfigurationList = 4323381222B7B9400001E6B4 /* Build configuration list for PBXProject "finalproject" */;
			compatibilityVersion = "Xcode 9.3";
			developmentRegion = en;
			hasScannedForEncodings = 0;
			knownRegions = (
				en,
				Base,
			);
			mainGroup = 4323380E22B7B9400001E6B4;
			productRefGroup = 4323381822B7B9400001E6B4 /* Products */;
			projectDirPath = "";
			projectRoot = "";
			targets = (
				4323381622B7B9400001E6B4 /* finalproject */,
			);
		};
/* End PBXProject section */

/* Begin PBXResourcesBuildPhase section */
		4323381522B7B9400001E6B4 /* Resources */ = {
			isa = PBXResourcesBuildPhase;
			buildActionMask = 2147483647;
			files = (
				43256FCF22B8EB2400FF014F /* Assets 17-49-05-107.xcassets in Resources */,
				4323382522B7B9410001E6B4 /* LaunchScreen.storyboard in Resources */,
				4323382022B7B9400001E6B4 /* Main.storyboard in Resources */,
			);
			runOnlyForDeploymentPostprocessing = 0;
		};
/* End PBXResourcesBuildPhase section */

/* Begin PBXShellScriptBuildPhase section */
		1A3351B7A2D6CE779CD316CF /* [CP] Check Pods Manifest.lock */ = {
			isa = PBXShellScriptBuildPhase;
			buildActionMask = 2147483647;
			files = (
			);
			inputFileListPaths = (
			);
			inputPaths = (
				"${PODS_PODFILE_DIR_PATH}/Podfile.lock",
				"${PODS_ROOT}/Manifest.lock",
			);
			name = "[CP] Check Pods Manifest.lock";
			outputFileListPaths = (
			);
			outputPaths = (
				"$(DERIVED_FILE_DIR)/Pods-finalproject-checkManifestLockResult.txt",
			);
			runOnlyForDeploymentPostprocessing = 0;
			shellPath = /bin/sh;
			shellScript = "diff \"${PODS_PODFILE_DIR_PATH}/Podfile.lock\" \"${PODS_ROOT}/Manifest.lock\" > /dev/null\nif [ $? != 0 ] ; then\n    # print error to STDERR\n    echo \"error: The sandbox is not in sync with the Podfile.lock. Run 'pod install' or update your CocoaPods installation.\" >&2\n    exit 1\nfi\n# This output is used by Xcode 'outputs' to avoid re-running this script phase.\necho \"SUCCESS\" > \"${SCRIPT_OUTPUT_FILE_0}\"\n";
			showEnvVarsInLog = 0;
		};
		BCA6E7AE788760A9359FE24D /* [CP] Embed Pods Frameworks */ = {
			isa = PBXShellScriptBuildPhase;
			buildActionMask = 2147483647;
			files = (
			);
			inputFileListPaths = (
				"${PODS_ROOT}/Target Support Files/Pods-finalproject/Pods-finalproject-frameworks-${CONFIGURATION}-input-files.xcfilelist",
			);
			name = "[CP] Embed Pods Frameworks";
			outputFileListPaths = (
				"${PODS_ROOT}/Target Support Files/Pods-finalproject/Pods-finalproject-frameworks-${CONFIGURATION}-output-files.xcfilelist",
			);
			runOnlyForDeploymentPostprocessing = 0;
			shellPath = /bin/sh;
			shellScript = "\"${PODS_ROOT}/Target Support Files/Pods-finalproject/Pods-finalproject-frameworks.sh\"\n";
			showEnvVarsInLog = 0;
		};
/* End PBXShellScriptBuildPhase section */

/* Begin PBXSourcesBuildPhase section */
		4323381322B7B9400001E6B4 /* Sources */ = {
			isa = PBXSourcesBuildPhase;
			buildActionMask = 2147483647;
			files = (
				4323383C22B7BBB40001E6B4 /* InputViewController.swift in Sources */,
				4323383A22B7BBB40001E6B4 /* AllHistoryViewController.swift in Sources */,
				43256FDC22B9175300FF014F /* photocell.swift in Sources */,
				4323383922B7BBB40001E6B4 /* His.swift in Sources */,
				43256FDB22B9175300FF014F /* photo.swift in Sources */,
				4323383722B7BBB40001E6B4 /* ViewController.swift in Sources */,
				4323383B22B7BBB40001E6B4 /* HisTableTableViewCell.swift in Sources */,
				43256FDD22B9175300FF014F /* Photowall.swift in Sources */,
				4323383822B7BBB40001E6B4 /* HistoryViewController.swift in Sources */,
				4323383D22B7BBB40001E6B4 /* AppDelegate.swift in Sources */,
				4323383622B7BBB40001E6B4 /* HistoryTableViewController.swift in Sources */,
			);
			runOnlyForDeploymentPostprocessing = 0;
		};
/* End PBXSourcesBuildPhase section */

/* Begin PBXVariantGroup section */
		4323381E22B7B9400001E6B4 /* Main.storyboard */ = {
			isa = PBXVariantGroup;
			children = (
				4323381F22B7B9400001E6B4 /* Base */,
			);
			name = Main.storyboard;
			sourceTree = "<group>";
		};
		4323382322B7B9410001E6B4 /* LaunchScreen.storyboard */ = {
			isa = PBXVariantGroup;
			children = (
				4323382422B7B9410001E6B4 /* Base */,
			);
			name = LaunchScreen.storyboard;
			sourceTree = "<group>";
		};
/* End PBXVariantGroup section */

/* Begin XCBuildConfiguration section */
		4323382722B7B9410001E6B4 /* Debug */ = {
			isa = XCBuildConfiguration;
			buildSettings = {
				ALWAYS_SEARCH_USER_PATHS = NO;
				CLANG_ANALYZER_NONNULL = YES;
				CLANG_ANALYZER_NUMBER_OBJECT_CONVERSION = YES_AGGRESSIVE;
				CLANG_CXX_LANGUAGE_STANDARD = "gnu++14";
				CLANG_CXX_LIBRARY = "libc++";
				CLANG_ENABLE_MODULES = YES;
				CLANG_ENABLE_OBJC_ARC = YES;
				CLANG_ENABLE_OBJC_WEAK = YES;
				CLANG_WARN_BLOCK_CAPTURE_AUTORELEASING = YES;
				CLANG_WARN_BOOL_CONVERSION = YES;
				CLANG_WARN_COMMA = YES;
				CLANG_WARN_CONSTANT_CONVERSION = YES;
				CLANG_WARN_DEPRECATED_OBJC_IMPLEMENTATIONS = YES;
				CLANG_WARN_DIRECT_OBJC_ISA_USAGE = YES_ERROR;
				CLANG_WARN_DOCUMENTATION_COMMENTS = YES;
				CLANG_WARN_EMPTY_BODY = YES;
				CLANG_WARN_ENUM_CONVERSION = YES;
				CLANG_WARN_INFINITE_RECURSION = YES;
				CLANG_WARN_INT_CONVERSION = YES;
				CLANG_WARN_NON_LITERAL_NULL_CONVERSION = YES;
				CLANG_WARN_OBJC_IMPLICIT_RETAIN_SELF = YES;
				CLANG_WARN_OBJC_LITERAL_CONVERSION = YES;
				CLANG_WARN_OBJC_ROOT_CLASS = YES_ERROR;
				CLANG_WARN_RANGE_LOOP_ANALYSIS = YES;
				CLANG_WARN_STRICT_PROTOTYPES = YES;
				CLANG_WARN_SUSPICIOUS_MOVE = YES;
				CLANG_WARN_UNGUARDED_AVAILABILITY = YES_AGGRESSIVE;
				CLANG_WARN_UNREACHABLE_CODE = YES;
				CLANG_WARN__DUPLICATE_METHOD_MATCH = YES;
				CODE_SIGN_IDENTITY = "iPhone Developer";
				COPY_PHASE_STRIP = NO;
				DEBUG_INFORMATION_FORMAT = dwarf;
				ENABLE_STRICT_OBJC_MSGSEND = YES;
				ENABLE_TESTABILITY = YES;
				GCC_C_LANGUAGE_STANDARD = gnu11;
				GCC_DYNAMIC_NO_PIC = NO;
				GCC_NO_COMMON_BLOCKS = YES;
				GCC_OPTIMIZATION_LEVEL = 0;
				GCC_PREPROCESSOR_DEFINITIONS = (
					"DEBUG=1",
					"$(inherited)",
				);
				GCC_WARN_64_TO_32_BIT_CONVERSION = YES;
				GCC_WARN_ABOUT_RETURN_TYPE = YES_ERROR;
				GCC_WARN_UNDECLARED_SELECTOR = YES;
				GCC_WARN_UNINITIALIZED_AUTOS = YES_AGGRESSIVE;
				GCC_WARN_UNUSED_FUNCTION = YES;
				GCC_WARN_UNUSED_VARIABLE = YES;
				IPHONEOS_DEPLOYMENT_TARGET = 12.2;
				MTL_ENABLE_DEBUG_INFO = INCLUDE_SOURCE;
				MTL_FAST_MATH = YES;
				ONLY_ACTIVE_ARCH = YES;
				SDKROOT = iphoneos;
				SWIFT_ACTIVE_COMPILATION_CONDITIONS = DEBUG;
				SWIFT_OPTIMIZATION_LEVEL = "-Onone";
			};
			name = Debug;
		};
		4323382822B7B9410001E6B4 /* Release */ = {
			isa = XCBuildConfiguration;
			buildSettings = {
				ALWAYS_SEARCH_USER_PATHS = NO;
				CLANG_ANALYZER_NONNULL = YES;
				CLANG_ANALYZER_NUMBER_OBJECT_CONVERSION = YES_AGGRESSIVE;
				CLANG_CXX_LANGUAGE_STANDARD = "gnu++14";
				CLANG_CXX_LIBRARY = "libc++";
				CLANG_ENABLE_MODULES = YES;
				CLANG_ENABLE_OBJC_ARC = YES;
				CLANG_ENABLE_OBJC_WEAK = YES;
				CLANG_WARN_BLOCK_CAPTURE_AUTORELEASING = YES;
				CLANG_WARN_BOOL_CONVERSION = YES;
				CLANG_WARN_COMMA = YES;
				CLANG_WARN_CONSTANT_CONVERSION = YES;
				CLANG_WARN_DEPRECATED_OBJC_IMPLEMENTATIONS = YES;
				CLANG_WARN_DIRECT_OBJC_ISA_USAGE = YES_ERROR;
				CLANG_WARN_DOCUMENTATION_COMMENTS = YES;
				CLANG_WARN_EMPTY_BODY = YES;
				CLANG_WARN_ENUM_CONVERSION = YES;
				CLANG_WARN_INFINITE_RECURSION = YES;
				CLANG_WARN_INT_CONVERSION = YES;
				CLANG_WARN_NON_LITERAL_NULL_CONVERSION = YES;
				CLANG_WARN_OBJC_IMPLICIT_RETAIN_SELF = YES;
				CLANG_WARN_OBJC_LITERAL_CONVERSION = YES;
				CLANG_WARN_OBJC_ROOT_CLASS = YES_ERROR;
				CLANG_WARN_RANGE_LOOP_ANALYSIS = YES;
				CLANG_WARN_STRICT_PROTOTYPES = YES;
				CLANG_WARN_SUSPICIOUS_MOVE = YES;
				CLANG_WARN_UNGUARDED_AVAILABILITY = YES_AGGRESSIVE;
				CLANG_WARN_UNREACHABLE_CODE = YES;
				CLANG_WARN__DUPLICATE_METHOD_MATCH = YES;
				CODE_SIGN_IDENTITY = "iPhone Developer";
				COPY_PHASE_STRIP = NO;
				DEBUG_INFORMATION_FORMAT = "dwarf-with-dsym";
				ENABLE_NS_ASSERTIONS = NO;
				ENABLE_STRICT_OBJC_MSGSEND = YES;
				GCC_C_LANGUAGE_STANDARD = gnu11;
				GCC_NO_COMMON_BLOCKS = YES;
				GCC_WARN_64_TO_32_BIT_CONVERSION = YES;
				GCC_WARN_ABOUT_RETURN_TYPE = YES_ERROR;
				GCC_WARN_UNDECLARED_SELECTOR = YES;
				GCC_WARN_UNINITIALIZED_AUTOS = YES_AGGRESSIVE;
				GCC_WARN_UNUSED_FUNCTION = YES;
				GCC_WARN_UNUSED_VARIABLE = YES;
				IPHONEOS_DEPLOYMENT_TARGET = 12.2;
				MTL_ENABLE_DEBUG_INFO = NO;
				MTL_FAST_MATH = YES;
				SDKROOT = iphoneos;
				SWIFT_COMPILATION_MODE = wholemodule;
				SWIFT_OPTIMIZATION_LEVEL = "-O";
				VALIDATE_PRODUCT = YES;
			};
			name = Release;
		};
		4323382A22B7B9410001E6B4 /* Debug */ = {
			isa = XCBuildConfiguration;
			baseConfigurationReference = 5D65E44C7B0FA6A00AF510C4 /* Pods-finalproject.debug.xcconfig */;
			buildSettings = {
				ASSETCATALOG_COMPILER_APPICON_NAME = AppIcon;
				CODE_SIGN_STYLE = Automatic;
				INFOPLIST_FILE = finalproject/Info.plist;
				LD_RUNPATH_SEARCH_PATHS = (
					"$(inherited)",
					"@executable_path/Frameworks",
				);
				PRODUCT_BUNDLE_IDENTIFIER = "-9.finalproject";
				PRODUCT_NAME = "$(TARGET_NAME)";
				SWIFT_ENABLE_BATCH_MODE = NO;
				SWIFT_VERSION = 5.0;
				TARGETED_DEVICE_FAMILY = "1,2";
			};
			name = Debug;
		};
		4323382B22B7B9410001E6B4 /* Release */ = {
			isa = XCBuildConfiguration;
			baseConfigurationReference = 309A42C6E1625B2DE5A08D28 /* Pods-finalproject.release.xcconfig */;
			buildSettings = {
				ASSETCATALOG_COMPILER_APPICON_NAME = AppIcon;
				CODE_SIGN_STYLE = Automatic;
				INFOPLIST_FILE = finalproject/Info.plist;
				LD_RUNPATH_SEARCH_PATHS = (
					"$(inherited)",
					"@executable_path/Frameworks",
				);
				PRODUCT_BUNDLE_IDENTIFIER = "-9.finalproject";
				PRODUCT_NAME = "$(TARGET_NAME)";
				SWIFT_ENABLE_BATCH_MODE = NO;
				SWIFT_VERSION = 5.0;
				TARGETED_DEVICE_FAMILY = "1,2";
			};
			name = Release;
		};
/* End XCBuildConfiguration section */

/* Begin XCConfigurationList section */
		4323381222B7B9400001E6B4 /* Build configuration list for PBXProject "finalproject" */ = {
			isa = XCConfigurationList;
			buildConfigurations = (
				4323382722B7B9410001E6B4 /* Debug */,
				4323382822B7B9410001E6B4 /* Release */,
			);
			defaultConfigurationIsVisible = 0;
			defaultConfigurationName = Release;
		};
		4323382922B7B9410001E6B4 /* Build configuration list for PBXNativeTarget "finalproject" */ = {
			isa = XCConfigurationList;
			buildConfigurations = (
				4323382A22B7B9410001E6B4 /* Debug */,
				4323382B22B7B9410001E6B4 /* Release */,
			);
			defaultConfigurationIsVisible = 0;
			defaultConfigurationName = Release;
		};
/* End XCConfigurationList section */
	};
	rootObject = 4323380F22B7B9400001E6B4 /* Project object */;
}
